
Microsoft Visual Studio Solution File, Format Version 12.00
# Visual Studio Version 16
VisualStudioVersion = 16.0.30406.217
MinimumVisualStudioVersion = 10.0.40219.1
Project("{FAE04EC0-301F-11D3-BF4B-00C04F79EFBC}") = "CurrencyConverter", "CurrencyConverter\CurrencyConverter.csproj", "{6F407AE6-ED56-42A4-9AF5-B38A36F8E32E}"
EndProject
Project("{FAE04EC0-301F-11D3-BF4B-00C04F79EFBC}") = "CurrencyConverterTest", "CurrencyConverterTest\CurrencyConverterTest.csproj", "{CCE65030-3EE2-492D-B19F-273426CA0BF1}"
EndProject
Global
	GlobalSection(SolutionConfigurationPlatforms) = preSolution
		Debug|Any CPU = Debug|Any CPU
		Release|Any CPU = Release|Any CPU
	EndGlobalSection
	GlobalSection(ProjectConfigurationPlatforms) = postSolution
		{6F407AE6-ED56-42A4-9AF5-B38A36F8E32E}.Debug|Any CPU.ActiveCfg = Debug|Any CPU
		{6F407AE6-ED56-42A4-9AF5-B38A36F8E32E}.Debug|Any CPU.Build.0 = Debug|Any CPU
		{6F407AE6-ED56-42A4-9AF5-B38A36F8E32E}.Release|Any CPU.ActiveCfg = Release|Any CPU
		{6F407AE6-ED56-42A4-9AF5-B38A36F8E32E}.Release|Any CPU.Build.0 = Release|Any CPU
		{CCE65030-3EE2-492D-B19F-273426CA0BF1}.Debug|Any CPU.ActiveCfg = Debug|Any CPU
		{CCE65030-3EE2-492D-B19F-273426CA0BF1}.Debug|Any CPU.Build.0 = Debug|Any CPU
		{CCE65030-3EE2-492D-B19F-273426CA0BF1}.Release|Any CPU.ActiveCfg = Release|Any CPU
		{CCE65030-3EE2-492D-B19F-273426CA0BF1}.Release|Any CPU.Build.0 = Release|Any CPU
	EndGlobalSection
	GlobalSection(SolutionProperties) = preSolution
		HideSolutionNode = FALSE
	EndGlobalSection
	GlobalSection(ExtensibilityGlobals) = postSolution
		SolutionGuid = {F63F3216-8A4D-420B-B6D7-635EDF6816F7}
	EndGlobalSection
EndGlobal
